{
  "name": "Lesson03",
  "lockfileVersion": 3,
  "requires": true,
  "packages": {
    "": {
      "dependencies": {
        "lxnpmfr": "^1.0.0",
        "lxsh-test": "^1.0.0"
      }
    },
    "node_modules/lxnpmfr": {
      "version": "1.0.0",
      "resolved": "https://registry.npmjs.org/lxnpmfr/-/lxnpmfr-1.0.0.tgz",
      "integrity": "sha512-oc/8Kc+KOxtimIJiMxJ64EPEfD4SgI2wA3tEeBy+XW4iAVg/5k8ysZWhq/JOcFTRtYd46stWyeSBZk3SOkz1PA==",
      "license": "ISC"
    },
    "node_modules/lxsh-test": {
      "version": "1.0.0",
      "resolved": "https://registry.npmjs.org/lxsh-test/-/lxsh-test-1.0.0.tgz",
      "integrity": "sha512-fdZGMhocRMP9iNcctmhqNu7L2f2fTkQH59cFXytyGILj6cSwq/pXipRKrLEtbp7nb108VGJZQ3r4hw55wJoWGg==",
      "license": "ISC"
    }
  }
}
